// !$*UTF8*$!
{
	archiveVersion = 1;
	classes = {
	};
	objectVersion = 55;
	objects = {

/* Begin PBXBuildFile section */
		162FEA45283D84F6007BD95B /* CategoryCollectionViewCell.xib in Sources */ = {isa = PBXBuildFile; fileRef = 162FEA42283D84F6007BD95B /* CategoryCollectionViewCell.xib */; };
		162FEA46283D84F6007BD95B /* CategoryCollectionViewCell.swift in Sources */ = {isa = PBXBuildFile; fileRef = 162FEA43283D84F6007BD95B /* CategoryCollectionViewCell.swift */; };
		162FEA47283D84F6007BD95B /* Category+ex.swift in Sources */ = {isa = PBXBuildFile; fileRef = 162FEA44283D84F6007BD95B /* Category+ex.swift */; };
		1654EB6B2835EB2F000B78F1 /* AppDelegate.swift in Sources */ = {isa = PBXBuildFile; fileRef = 1654EB6A2835EB2F000B78F1 /* AppDelegate.swift */; };
		1654EB6D2835EB2F000B78F1 /* SceneDelegate.swift in Sources */ = {isa = PBXBuildFile; fileRef = 1654EB6C2835EB2F000B78F1 /* SceneDelegate.swift */; };
		1654EB6F2835EB2F000B78F1 /* ViewController.swift in Sources */ = {isa = PBXBuildFile; fileRef = 1654EB6E2835EB2F000B78F1 /* ViewController.swift */; };
		1654EB752835EB2F000B78F1 /* ShopifyApp.xcdatamodeld in Sources */ = {isa = PBXBuildFile; fileRef = 1654EB732835EB2F000B78F1 /* ShopifyApp.xcdatamodeld */; };
		1654EB772835EB30000B78F1 /* Assets.xcassets in Resources */ = {isa = PBXBuildFile; fileRef = 1654EB762835EB30000B78F1 /* Assets.xcassets */; };
		1654EB7A2835EB30000B78F1 /* LaunchScreen.storyboard in Resources */ = {isa = PBXBuildFile; fileRef = 1654EB782835EB30000B78F1 /* LaunchScreen.storyboard */; };
		1654EB852835EB31000B78F1 /* ShopifyAppTests.swift in Sources */ = {isa = PBXBuildFile; fileRef = 1654EB842835EB31000B78F1 /* ShopifyAppTests.swift */; };
		1654EB8F2835EB31000B78F1 /* ShopifyAppUITests.swift in Sources */ = {isa = PBXBuildFile; fileRef = 1654EB8E2835EB31000B78F1 /* ShopifyAppUITests.swift */; };
		1654EB912835EB31000B78F1 /* ShopifyAppUITestsLaunchTests.swift in Sources */ = {isa = PBXBuildFile; fileRef = 1654EB902835EB31000B78F1 /* ShopifyAppUITestsLaunchTests.swift */; };
		1654EBA32836091F000B78F1 /* APIClient.swift in Sources */ = {isa = PBXBuildFile; fileRef = 1654EBA22836091F000B78F1 /* APIClient.swift */; };
		16873CD4283D868A00694061 /* SizeTableViewCell.xib in Resources */ = {isa = PBXBuildFile; fileRef = 16873CD0283D868900694061 /* SizeTableViewCell.xib */; };
		16873CD5283D868A00694061 /* SizeTableViewCell.swift in Sources */ = {isa = PBXBuildFile; fileRef = 16873CD1283D868900694061 /* SizeTableViewCell.swift */; };
		16873CD6283D868A00694061 /* ProductImagesCollectionViewCell.swift in Sources */ = {isa = PBXBuildFile; fileRef = 16873CD2283D868A00694061 /* ProductImagesCollectionViewCell.swift */; };
		16873CD7283D868A00694061 /* ProductImagesCollectionViewCell.xib in Resources */ = {isa = PBXBuildFile; fileRef = 16873CD3283D868A00694061 /* ProductImagesCollectionViewCell.xib */; };
		16873CDA283D86A000694061 /* ProductDetailsViewController.swift in Sources */ = {isa = PBXBuildFile; fileRef = 16873CD8283D86A000694061 /* ProductDetailsViewController.swift */; };
		16873CDB283D86A000694061 /* ProductDetailsViewController.xib in Resources */ = {isa = PBXBuildFile; fileRef = 16873CD9283D86A000694061 /* ProductDetailsViewController.xib */; };
		3E37B9AE283D9845000A0FD9 /* RegisterViewController.swift in Sources */ = {isa = PBXBuildFile; fileRef = 3E37B9AC283D9845000A0FD9 /* RegisterViewController.swift */; };
		3E37B9AF283D9845000A0FD9 /* RegisterViewController.xib in Resources */ = {isa = PBXBuildFile; fileRef = 3E37B9AD283D9845000A0FD9 /* RegisterViewController.xib */; };
		3E37B9B2283D9853000A0FD9 /* LoginViewController.xib in Resources */ = {isa = PBXBuildFile; fileRef = 3E37B9B0283D9853000A0FD9 /* LoginViewController.xib */; };
		3E37B9B3283D9853000A0FD9 /* LoginViewController.swift in Sources */ = {isa = PBXBuildFile; fileRef = 3E37B9B1283D9853000A0FD9 /* LoginViewController.swift */; };
		3E37B9B6283D9860000A0FD9 /* ShoppingCartVC.swift in Sources */ = {isa = PBXBuildFile; fileRef = 3E37B9B4283D9860000A0FD9 /* ShoppingCartVC.swift */; };
		3E37B9B7283D9860000A0FD9 /* ShoppingCartVC.xib in Resources */ = {isa = PBXBuildFile; fileRef = 3E37B9B5283D9860000A0FD9 /* ShoppingCartVC.xib */; };
		3E37B9BA283D986A000A0FD9 /* OrdersTVC.swift in Sources */ = {isa = PBXBuildFile; fileRef = 3E37B9B8283D9869000A0FD9 /* OrdersTVC.swift */; };
		3E37B9BB283D986A000A0FD9 /* OrdersTVC.xib in Resources */ = {isa = PBXBuildFile; fileRef = 3E37B9B9283D9869000A0FD9 /* OrdersTVC.xib */; };
		3E75345D283ADFF70072EF9A /* AbsTableViewCell.swift in Sources */ = {isa = PBXBuildFile; fileRef = 3E75345B283ADFF70072EF9A /* AbsTableViewCell.swift */; };
		3E75345E283ADFF70072EF9A /* AbsTableViewCell.xib in Resources */ = {isa = PBXBuildFile; fileRef = 3E75345C283ADFF70072EF9A /* AbsTableViewCell.xib */; };
		3E753461283AEB530072EF9A /* AbsCollectionViewCell.swift in Sources */ = {isa = PBXBuildFile; fileRef = 3E75345F283AEB530072EF9A /* AbsCollectionViewCell.swift */; };
		3E753462283AEB530072EF9A /* AbsCollectionViewCell.xib in Resources */ = {isa = PBXBuildFile; fileRef = 3E753460283AEB530072EF9A /* AbsCollectionViewCell.xib */; };
		3E753465283AEEA90072EF9A /* BrandTableViewCell.swift in Sources */ = {isa = PBXBuildFile; fileRef = 3E753463283AEEA90072EF9A /* BrandTableViewCell.swift */; };
		3E753466283AEEA90072EF9A /* BrandTableViewCell.xib in Resources */ = {isa = PBXBuildFile; fileRef = 3E753464283AEEA90072EF9A /* BrandTableViewCell.xib */; };
		3EC598F8283B0E6400050CE5 /* BrandsCollectionViewCell.swift in Sources */ = {isa = PBXBuildFile; fileRef = 3EC598F6283B0E6400050CE5 /* BrandsCollectionViewCell.swift */; };
		3EC598F9283B0E6400050CE5 /* BrandsCollectionViewCell.xib in Resources */ = {isa = PBXBuildFile; fileRef = 3EC598F7283B0E6400050CE5 /* BrandsCollectionViewCell.xib */; };
		5BC0A0E73ADE9333C7EC3457 /* Pods_ShopifyAppTests.framework in Frameworks */ = {isa = PBXBuildFile; fileRef = 16F7124AE54113161E6F75CE /* Pods_ShopifyAppTests.framework */; };
		94EF6E25BBE9FDC973B9E042 /* Pods_ShopifyApp.framework in Frameworks */ = {isa = PBXBuildFile; fileRef = 0B8800C78D2DFF24EBFB4AB0 /* Pods_ShopifyApp.framework */; };
		9C898C1328381A6200A86758 /* TabBarViewController.swift in Sources */ = {isa = PBXBuildFile; fileRef = 9C898C1128381A6200A86758 /* TabBarViewController.swift */; };
		9C898C1428381A6200A86758 /* TabBarViewController.xib in Resources */ = {isa = PBXBuildFile; fileRef = 9C898C1228381A6200A86758 /* TabBarViewController.xib */; };
		9C898C1928381C3000A86758 /* HomeViewController.swift in Sources */ = {isa = PBXBuildFile; fileRef = 9C898C1728381C3000A86758 /* HomeViewController.swift */; };
		9C898C1A28381C3000A86758 /* HomeViewController.xib in Resources */ = {isa = PBXBuildFile; fileRef = 9C898C1828381C3000A86758 /* HomeViewController.xib */; };
		9C898C1F28381C9500A86758 /* CategoryViewController.swift in Sources */ = {isa = PBXBuildFile; fileRef = 9C898C1D28381C9500A86758 /* CategoryViewController.swift */; };
		9C898C2028381C9500A86758 /* CategoryViewController.xib in Resources */ = {isa = PBXBuildFile; fileRef = 9C898C1E28381C9500A86758 /* CategoryViewController.xib */; };
		9C898C2528381CB500A86758 /* MeViewController.swift in Sources */ = {isa = PBXBuildFile; fileRef = 9C898C2328381CB500A86758 /* MeViewController.swift */; };
		9C898C2628381CB500A86758 /* MeViewController.xib in Resources */ = {isa = PBXBuildFile; fileRef = 9C898C2428381CB500A86758 /* MeViewController.xib */; };
		9CC2D427283AA22F00C9B59E /* FavouriteCollectionViewCell.swift in Sources */ = {isa = PBXBuildFile; fileRef = 9CC2D425283AA22F00C9B59E /* FavouriteCollectionViewCell.swift */; };
		9CC2D428283AA22F00C9B59E /* FavouriteCollectionViewCell.xib in Resources */ = {isa = PBXBuildFile; fileRef = 9CC2D426283AA22F00C9B59E /* FavouriteCollectionViewCell.xib */; };
		9CCBF3DE283BF81F00825219 /* FavouriteViewController.swift in Sources */ = {isa = PBXBuildFile; fileRef = 9CCBF3DC283BF81F00825219 /* FavouriteViewController.swift */; };
		9CCBF3DF283BF81F00825219 /* FavouriteViewController.xib in Resources */ = {isa = PBXBuildFile; fileRef = 9CCBF3DD283BF81F00825219 /* FavouriteViewController.xib */; };
		BED44803283E57EA00EA74BC /* CheckoutViewController.xib in Resources */ = {isa = PBXBuildFile; fileRef = BED44801283E57EA00EA74BC /* CheckoutViewController.xib */; };
		BED44804283E57EA00EA74BC /* CheckoutViewController.swift in Sources */ = {isa = PBXBuildFile; fileRef = BED44802283E57EA00EA74BC /* CheckoutViewController.swift */; };
		BED44807283E582500EA74BC /* PaymentMethodViewController.xib in Resources */ = {isa = PBXBuildFile; fileRef = BED44805283E582400EA74BC /* PaymentMethodViewController.xib */; };
		BED44808283E582500EA74BC /* PaymentMethodViewController.swift in Sources */ = {isa = PBXBuildFile; fileRef = BED44806283E582500EA74BC /* PaymentMethodViewController.swift */; };
		C2312FF061798C585876F69D /* Pods_ShopifyApp_ShopifyAppUITests.framework in Frameworks */ = {isa = PBXBuildFile; fileRef = 860C60966C760F2A8C2247D2 /* Pods_ShopifyApp_ShopifyAppUITests.framework */; };
/* End PBXBuildFile section */

/* Begin PBXContainerItemProxy section */
		1654EB812835EB31000B78F1 /* PBXContainerItemProxy */ = {
			isa = PBXContainerItemProxy;
			containerPortal = 1654EB5F2835EB2F000B78F1 /* Project object */;
			proxyType = 1;
			remoteGlobalIDString = 1654EB662835EB2F000B78F1;
			remoteInfo = ShopifyApp;
		};
		1654EB8B2835EB31000B78F1 /* PBXContainerItemProxy */ = {
			isa = PBXContainerItemProxy;
			containerPortal = 1654EB5F2835EB2F000B78F1 /* Project object */;
			proxyType = 1;
			remoteGlobalIDString = 1654EB662835EB2F000B78F1;
			remoteInfo = ShopifyApp;
		};
/* End PBXContainerItemProxy section */

/* Begin PBXFileReference section */
		0B8800C78D2DFF24EBFB4AB0 /* Pods_ShopifyApp.framework */ = {isa = PBXFileReference; explicitFileType = wrapper.framework; includeInIndex = 0; path = Pods_ShopifyApp.framework; sourceTree = BUILT_PRODUCTS_DIR; };
		0CA5FD8E3E782C42C669D6FE /* Pods-ShopifyAppTests.release.xcconfig */ = {isa = PBXFileReference; includeInIndex = 1; lastKnownFileType = text.xcconfig; name = "Pods-ShopifyAppTests.release.xcconfig"; path = "Target Support Files/Pods-ShopifyAppTests/Pods-ShopifyAppTests.release.xcconfig"; sourceTree = "<group>"; };
		162FEA42283D84F6007BD95B /* CategoryCollectionViewCell.xib */ = {isa = PBXFileReference; lastKnownFileType = file.xib; path = CategoryCollectionViewCell.xib; sourceTree = "<group>"; };
		162FEA43283D84F6007BD95B /* CategoryCollectionViewCell.swift */ = {isa = PBXFileReference; lastKnownFileType = sourcecode.swift; path = CategoryCollectionViewCell.swift; sourceTree = "<group>"; };
		162FEA44283D84F6007BD95B /* Category+ex.swift */ = {isa = PBXFileReference; lastKnownFileType = sourcecode.swift; path = "Category+ex.swift"; sourceTree = "<group>"; };
		1654EB672835EB2F000B78F1 /* ShopifyApp.app */ = {isa = PBXFileReference; explicitFileType = wrapper.application; includeInIndex = 0; path = ShopifyApp.app; sourceTree = BUILT_PRODUCTS_DIR; };
		1654EB6A2835EB2F000B78F1 /* AppDelegate.swift */ = {isa = PBXFileReference; lastKnownFileType = sourcecode.swift; path = AppDelegate.swift; sourceTree = "<group>"; };
		1654EB6C2835EB2F000B78F1 /* SceneDelegate.swift */ = {isa = PBXFileReference; lastKnownFileType = sourcecode.swift; path = SceneDelegate.swift; sourceTree = "<group>"; };
		1654EB6E2835EB2F000B78F1 /* ViewController.swift */ = {isa = PBXFileReference; lastKnownFileType = sourcecode.swift; path = ViewController.swift; sourceTree = "<group>"; };
		1654EB742835EB2F000B78F1 /* ShopifyApp.xcdatamodel */ = {isa = PBXFileReference; lastKnownFileType = wrapper.xcdatamodel; path = ShopifyApp.xcdatamodel; sourceTree = "<group>"; };
		1654EB762835EB30000B78F1 /* Assets.xcassets */ = {isa = PBXFileReference; lastKnownFileType = folder.assetcatalog; path = Assets.xcassets; sourceTree = "<group>"; };
		1654EB792835EB30000B78F1 /* Base */ = {isa = PBXFileReference; lastKnownFileType = file.storyboard; name = Base; path = Base.lproj/LaunchScreen.storyboard; sourceTree = "<group>"; };
		1654EB7B2835EB30000B78F1 /* Info.plist */ = {isa = PBXFileReference; lastKnownFileType = text.plist.xml; path = Info.plist; sourceTree = "<group>"; };
		1654EB802835EB31000B78F1 /* ShopifyAppTests.xctest */ = {isa = PBXFileReference; explicitFileType = wrapper.cfbundle; includeInIndex = 0; path = ShopifyAppTests.xctest; sourceTree = BUILT_PRODUCTS_DIR; };
		1654EB842835EB31000B78F1 /* ShopifyAppTests.swift */ = {isa = PBXFileReference; lastKnownFileType = sourcecode.swift; path = ShopifyAppTests.swift; sourceTree = "<group>"; };
		1654EB8A2835EB31000B78F1 /* ShopifyAppUITests.xctest */ = {isa = PBXFileReference; explicitFileType = wrapper.cfbundle; includeInIndex = 0; path = ShopifyAppUITests.xctest; sourceTree = BUILT_PRODUCTS_DIR; };
		1654EB8E2835EB31000B78F1 /* ShopifyAppUITests.swift */ = {isa = PBXFileReference; lastKnownFileType = sourcecode.swift; path = ShopifyAppUITests.swift; sourceTree = "<group>"; };
		1654EB902835EB31000B78F1 /* ShopifyAppUITestsLaunchTests.swift */ = {isa = PBXFileReference; lastKnownFileType = sourcecode.swift; path = ShopifyAppUITestsLaunchTests.swift; sourceTree = "<group>"; };
		1654EBA22836091F000B78F1 /* APIClient.swift */ = {isa = PBXFileReference; lastKnownFileType = sourcecode.swift; path = APIClient.swift; sourceTree = "<group>"; };
		16873CD0283D868900694061 /* SizeTableViewCell.xib */ = {isa = PBXFileReference; fileEncoding = 4; lastKnownFileType = file.xib; path = SizeTableViewCell.xib; sourceTree = "<group>"; };
		16873CD1283D868900694061 /* SizeTableViewCell.swift */ = {isa = PBXFileReference; fileEncoding = 4; lastKnownFileType = sourcecode.swift; path = SizeTableViewCell.swift; sourceTree = "<group>"; };
		16873CD2283D868A00694061 /* ProductImagesCollectionViewCell.swift */ = {isa = PBXFileReference; fileEncoding = 4; lastKnownFileType = sourcecode.swift; path = ProductImagesCollectionViewCell.swift; sourceTree = "<group>"; };
		16873CD3283D868A00694061 /* ProductImagesCollectionViewCell.xib */ = {isa = PBXFileReference; fileEncoding = 4; lastKnownFileType = file.xib; path = ProductImagesCollectionViewCell.xib; sourceTree = "<group>"; };
		16873CD8283D86A000694061 /* ProductDetailsViewController.swift */ = {isa = PBXFileReference; fileEncoding = 4; lastKnownFileType = sourcecode.swift; path = ProductDetailsViewController.swift; sourceTree = "<group>"; };
		16873CD9283D86A000694061 /* ProductDetailsViewController.xib */ = {isa = PBXFileReference; fileEncoding = 4; lastKnownFileType = file.xib; path = ProductDetailsViewController.xib; sourceTree = "<group>"; };
		16F7124AE54113161E6F75CE /* Pods_ShopifyAppTests.framework */ = {isa = PBXFileReference; explicitFileType = wrapper.framework; includeInIndex = 0; path = Pods_ShopifyAppTests.framework; sourceTree = BUILT_PRODUCTS_DIR; };
		271D48579709076FBBF73075 /* Pods-ShopifyApp-ShopifyAppUITests.debug.xcconfig */ = {isa = PBXFileReference; includeInIndex = 1; lastKnownFileType = text.xcconfig; name = "Pods-ShopifyApp-ShopifyAppUITests.debug.xcconfig"; path = "Target Support Files/Pods-ShopifyApp-ShopifyAppUITests/Pods-ShopifyApp-ShopifyAppUITests.debug.xcconfig"; sourceTree = "<group>"; };
		30F1A54E878749744C4B8CC8 /* Pods-ShopifyAppTests.debug.xcconfig */ = {isa = PBXFileReference; includeInIndex = 1; lastKnownFileType = text.xcconfig; name = "Pods-ShopifyAppTests.debug.xcconfig"; path = "Target Support Files/Pods-ShopifyAppTests/Pods-ShopifyAppTests.debug.xcconfig"; sourceTree = "<group>"; };
		385236EEA1DBF452D0570BBD /* Pods-ShopifyApp.release.xcconfig */ = {isa = PBXFileReference; includeInIndex = 1; lastKnownFileType = text.xcconfig; name = "Pods-ShopifyApp.release.xcconfig"; path = "Target Support Files/Pods-ShopifyApp/Pods-ShopifyApp.release.xcconfig"; sourceTree = "<group>"; };
		3E37B9AC283D9845000A0FD9 /* RegisterViewController.swift */ = {isa = PBXFileReference; fileEncoding = 4; lastKnownFileType = sourcecode.swift; path = RegisterViewController.swift; sourceTree = "<group>"; };
		3E37B9AD283D9845000A0FD9 /* RegisterViewController.xib */ = {isa = PBXFileReference; fileEncoding = 4; lastKnownFileType = file.xib; path = RegisterViewController.xib; sourceTree = "<group>"; };
		3E37B9B0283D9853000A0FD9 /* LoginViewController.xib */ = {isa = PBXFileReference; fileEncoding = 4; lastKnownFileType = file.xib; path = LoginViewController.xib; sourceTree = "<group>"; };
		3E37B9B1283D9853000A0FD9 /* LoginViewController.swift */ = {isa = PBXFileReference; fileEncoding = 4; lastKnownFileType = sourcecode.swift; path = LoginViewController.swift; sourceTree = "<group>"; };
		3E37B9B4283D9860000A0FD9 /* ShoppingCartVC.swift */ = {isa = PBXFileReference; fileEncoding = 4; lastKnownFileType = sourcecode.swift; path = ShoppingCartVC.swift; sourceTree = "<group>"; };
		3E37B9B5283D9860000A0FD9 /* ShoppingCartVC.xib */ = {isa = PBXFileReference; fileEncoding = 4; lastKnownFileType = file.xib; path = ShoppingCartVC.xib; sourceTree = "<group>"; };
		3E37B9B8283D9869000A0FD9 /* OrdersTVC.swift */ = {isa = PBXFileReference; fileEncoding = 4; lastKnownFileType = sourcecode.swift; path = OrdersTVC.swift; sourceTree = "<group>"; };
		3E37B9B9283D9869000A0FD9 /* OrdersTVC.xib */ = {isa = PBXFileReference; fileEncoding = 4; lastKnownFileType = file.xib; path = OrdersTVC.xib; sourceTree = "<group>"; };
		3E75345B283ADFF70072EF9A /* AbsTableViewCell.swift */ = {isa = PBXFileReference; lastKnownFileType = sourcecode.swift; path = AbsTableViewCell.swift; sourceTree = "<group>"; };
		3E75345C283ADFF70072EF9A /* AbsTableViewCell.xib */ = {isa = PBXFileReference; lastKnownFileType = file.xib; path = AbsTableViewCell.xib; sourceTree = "<group>"; };
		3E75345F283AEB530072EF9A /* AbsCollectionViewCell.swift */ = {isa = PBXFileReference; lastKnownFileType = sourcecode.swift; path = AbsCollectionViewCell.swift; sourceTree = "<group>"; };
		3E753460283AEB530072EF9A /* AbsCollectionViewCell.xib */ = {isa = PBXFileReference; lastKnownFileType = file.xib; path = AbsCollectionViewCell.xib; sourceTree = "<group>"; };
		3E753463283AEEA90072EF9A /* BrandTableViewCell.swift */ = {isa = PBXFileReference; lastKnownFileType = sourcecode.swift; path = BrandTableViewCell.swift; sourceTree = "<group>"; };
		3E753464283AEEA90072EF9A /* BrandTableViewCell.xib */ = {isa = PBXFileReference; lastKnownFileType = file.xib; path = BrandTableViewCell.xib; sourceTree = "<group>"; };
		3EC598F6283B0E6400050CE5 /* BrandsCollectionViewCell.swift */ = {isa = PBXFileReference; lastKnownFileType = sourcecode.swift; path = BrandsCollectionViewCell.swift; sourceTree = "<group>"; };
		3EC598F7283B0E6400050CE5 /* BrandsCollectionViewCell.xib */ = {isa = PBXFileReference; lastKnownFileType = file.xib; path = BrandsCollectionViewCell.xib; sourceTree = "<group>"; };
		603EFBC895F701C3D866D749 /* Pods-ShopifyApp-ShopifyAppUITests.release.xcconfig */ = {isa = PBXFileReference; includeInIndex = 1; lastKnownFileType = text.xcconfig; name = "Pods-ShopifyApp-ShopifyAppUITests.release.xcconfig"; path = "Target Support Files/Pods-ShopifyApp-ShopifyAppUITests/Pods-ShopifyApp-ShopifyAppUITests.release.xcconfig"; sourceTree = "<group>"; };
		860C60966C760F2A8C2247D2 /* Pods_ShopifyApp_ShopifyAppUITests.framework */ = {isa = PBXFileReference; explicitFileType = wrapper.framework; includeInIndex = 0; path = Pods_ShopifyApp_ShopifyAppUITests.framework; sourceTree = BUILT_PRODUCTS_DIR; };
		9C898C1128381A6200A86758 /* TabBarViewController.swift */ = {isa = PBXFileReference; lastKnownFileType = sourcecode.swift; path = TabBarViewController.swift; sourceTree = "<group>"; };
		9C898C1228381A6200A86758 /* TabBarViewController.xib */ = {isa = PBXFileReference; lastKnownFileType = file.xib; path = TabBarViewController.xib; sourceTree = "<group>"; };
		9C898C1728381C3000A86758 /* HomeViewController.swift */ = {isa = PBXFileReference; lastKnownFileType = sourcecode.swift; path = HomeViewController.swift; sourceTree = "<group>"; };
		9C898C1828381C3000A86758 /* HomeViewController.xib */ = {isa = PBXFileReference; lastKnownFileType = file.xib; path = HomeViewController.xib; sourceTree = "<group>"; };
		9C898C1D28381C9500A86758 /* CategoryViewController.swift */ = {isa = PBXFileReference; lastKnownFileType = sourcecode.swift; path = CategoryViewController.swift; sourceTree = "<group>"; };
		9C898C1E28381C9500A86758 /* CategoryViewController.xib */ = {isa = PBXFileReference; lastKnownFileType = file.xib; path = CategoryViewController.xib; sourceTree = "<group>"; };
		9C898C2328381CB500A86758 /* MeViewController.swift */ = {isa = PBXFileReference; lastKnownFileType = sourcecode.swift; path = MeViewController.swift; sourceTree = "<group>"; };
		9C898C2428381CB500A86758 /* MeViewController.xib */ = {isa = PBXFileReference; lastKnownFileType = file.xib; path = MeViewController.xib; sourceTree = "<group>"; };
		9CC2D425283AA22F00C9B59E /* FavouriteCollectionViewCell.swift */ = {isa = PBXFileReference; lastKnownFileType = sourcecode.swift; path = FavouriteCollectionViewCell.swift; sourceTree = "<group>"; };
		9CC2D426283AA22F00C9B59E /* FavouriteCollectionViewCell.xib */ = {isa = PBXFileReference; lastKnownFileType = file.xib; path = FavouriteCollectionViewCell.xib; sourceTree = "<group>"; };
		9CCBF3DC283BF81F00825219 /* FavouriteViewController.swift */ = {isa = PBXFileReference; lastKnownFileType = sourcecode.swift; path = FavouriteViewController.swift; sourceTree = "<group>"; };
		9CCBF3DD283BF81F00825219 /* FavouriteViewController.xib */ = {isa = PBXFileReference; lastKnownFileType = file.xib; path = FavouriteViewController.xib; sourceTree = "<group>"; };
		AB501590C743C258956D947D /* Pods-ShopifyApp.debug.xcconfig */ = {isa = PBXFileReference; includeInIndex = 1; lastKnownFileType = text.xcconfig; name = "Pods-ShopifyApp.debug.xcconfig"; path = "Target Support Files/Pods-ShopifyApp/Pods-ShopifyApp.debug.xcconfig"; sourceTree = "<group>"; };
		BED44801283E57EA00EA74BC /* CheckoutViewController.xib */ = {isa = PBXFileReference; fileEncoding = 4; lastKnownFileType = file.xib; path = CheckoutViewController.xib; sourceTree = "<group>"; };
		BED44802283E57EA00EA74BC /* CheckoutViewController.swift */ = {isa = PBXFileReference; fileEncoding = 4; lastKnownFileType = sourcecode.swift; path = CheckoutViewController.swift; sourceTree = "<group>"; };
		BED44805283E582400EA74BC /* PaymentMethodViewController.xib */ = {isa = PBXFileReference; fileEncoding = 4; lastKnownFileType = file.xib; path = PaymentMethodViewController.xib; sourceTree = "<group>"; };
		BED44806283E582500EA74BC /* PaymentMethodViewController.swift */ = {isa = PBXFileReference; fileEncoding = 4; lastKnownFileType = sourcecode.swift; path = PaymentMethodViewController.swift; sourceTree = "<group>"; };
/* End PBXFileReference section */

/* Begin PBXFrameworksBuildPhase section */
		1654EB642835EB2F000B78F1 /* Frameworks */ = {
			isa = PBXFrameworksBuildPhase;
			buildActionMask = 2147483647;
			files = (
				94EF6E25BBE9FDC973B9E042 /* Pods_ShopifyApp.framework in Frameworks */,
			);
			runOnlyForDeploymentPostprocessing = 0;
		};
		1654EB7D2835EB31000B78F1 /* Frameworks */ = {
			isa = PBXFrameworksBuildPhase;
			buildActionMask = 2147483647;
			files = (
				5BC0A0E73ADE9333C7EC3457 /* Pods_ShopifyAppTests.framework in Frameworks */,
			);
			runOnlyForDeploymentPostprocessing = 0;
		};
		1654EB872835EB31000B78F1 /* Frameworks */ = {
			isa = PBXFrameworksBuildPhase;
			buildActionMask = 2147483647;
			files = (
				C2312FF061798C585876F69D /* Pods_ShopifyApp_ShopifyAppUITests.framework in Frameworks */,
			);
			runOnlyForDeploymentPostprocessing = 0;
		};
/* End PBXFrameworksBuildPhase section */

/* Begin PBXGroup section */
		163693B1283CBD2300F36885 /* ProductDetails */ = {
			isa = PBXGroup;
			children = (
				163693B2283CBD3800F36885 /* View */,
			);
			path = ProductDetails;
			sourceTree = "<group>";
		};
		163693B2283CBD3800F36885 /* View */ = {
			isa = PBXGroup;
			children = (
				16873CD8283D86A000694061 /* ProductDetailsViewController.swift */,
				16873CD9283D86A000694061 /* ProductDetailsViewController.xib */,
				163693B3283CBD4600F36885 /* Cell */,
			);
			path = View;
			sourceTree = "<group>";
		};
		163693B3283CBD4600F36885 /* Cell */ = {
			isa = PBXGroup;
			children = (
				16873CD2283D868A00694061 /* ProductImagesCollectionViewCell.swift */,
				16873CD3283D868A00694061 /* ProductImagesCollectionViewCell.xib */,
				16873CD1283D868900694061 /* SizeTableViewCell.swift */,
				16873CD0283D868900694061 /* SizeTableViewCell.xib */,
			);
			path = Cell;
			sourceTree = "<group>";
		};
		1654EB5E2835EB2F000B78F1 = {
			isa = PBXGroup;
			children = (
				1654EB692835EB2F000B78F1 /* ShopifyApp */,
				1654EB832835EB31000B78F1 /* ShopifyAppTests */,
				1654EB8D2835EB31000B78F1 /* ShopifyAppUITests */,
				1654EB682835EB2F000B78F1 /* Products */,
				80E7CB421AC93E07772BAF9A /* Pods */,
				61026F7ACFCB691490BEEB33 /* Frameworks */,
			);
			sourceTree = "<group>";
		};
		1654EB682835EB2F000B78F1 /* Products */ = {
			isa = PBXGroup;
			children = (
				1654EB672835EB2F000B78F1 /* ShopifyApp.app */,
				1654EB802835EB31000B78F1 /* ShopifyAppTests.xctest */,
				1654EB8A2835EB31000B78F1 /* ShopifyAppUITests.xctest */,
			);
			name = Products;
			sourceTree = "<group>";
		};
		1654EB692835EB2F000B78F1 /* ShopifyApp */ = {
			isa = PBXGroup;
			children = (
				BED44800283E57CA00EA74BC /* Checkout */,
				3E37B9AA283D981F000A0FD9 /* Shoping */,
				3E37B9A9283D9808000A0FD9 /* Register */,
				3E37B9A8283D97FD000A0FD9 /* Login */,
				BE801FF6283D17BB0092F0DB /* Payment */,
				163693B1283CBD2300F36885 /* ProductDetails */,
				1654EB9D2835F1AF000B78F1 /* Main */,
				9C898C1528381BE600A86758 /* Home */,
				9C898C2728381F8700A86758 /* Favorite */,
				9C898C1B28381C6700A86758 /* Category */,
				9C898C2128381C9C00A86758 /* Me */,
				1654EBA12835F24C000B78F1 /* Network */,
				1654EBA02835F21E000B78F1 /* AppDelegate */,
				1654EB762835EB30000B78F1 /* Assets.xcassets */,
				1654EB7B2835EB30000B78F1 /* Info.plist */,
				1654EB732835EB2F000B78F1 /* ShopifyApp.xcdatamodeld */,
			);
			path = ShopifyApp;
			sourceTree = "<group>";
		};
		1654EB832835EB31000B78F1 /* ShopifyAppTests */ = {
			isa = PBXGroup;
			children = (
				1654EB842835EB31000B78F1 /* ShopifyAppTests.swift */,
			);
			path = ShopifyAppTests;
			sourceTree = "<group>";
		};
		1654EB8D2835EB31000B78F1 /* ShopifyAppUITests */ = {
			isa = PBXGroup;
			children = (
				1654EB8E2835EB31000B78F1 /* ShopifyAppUITests.swift */,
				1654EB902835EB31000B78F1 /* ShopifyAppUITestsLaunchTests.swift */,
			);
			path = ShopifyAppUITests;
			sourceTree = "<group>";
		};
		1654EB9D2835F1AF000B78F1 /* Main */ = {
			isa = PBXGroup;
			children = (
				1654EB9F2835F20E000B78F1 /* View */,
				1654EB9E2835F202000B78F1 /* Animation */,
				1654EB782835EB30000B78F1 /* LaunchScreen.storyboard */,
			);
			path = Main;
			sourceTree = "<group>";
		};
		1654EB9E2835F202000B78F1 /* Animation */ = {
			isa = PBXGroup;
			children = (
			);
			path = Animation;
			sourceTree = "<group>";
		};
		1654EB9F2835F20E000B78F1 /* View */ = {
			isa = PBXGroup;
			children = (
				1654EB6E2835EB2F000B78F1 /* ViewController.swift */,
				9C898C1128381A6200A86758 /* TabBarViewController.swift */,
				9C898C1228381A6200A86758 /* TabBarViewController.xib */,
			);
			path = View;
			sourceTree = "<group>";
		};
		1654EBA02835F21E000B78F1 /* AppDelegate */ = {
			isa = PBXGroup;
			children = (
				1654EB6A2835EB2F000B78F1 /* AppDelegate.swift */,
				1654EB6C2835EB2F000B78F1 /* SceneDelegate.swift */,
			);
			path = AppDelegate;
			sourceTree = "<group>";
		};
		1654EBA12835F24C000B78F1 /* Network */ = {
			isa = PBXGroup;
			children = (
				1654EBA22836091F000B78F1 /* APIClient.swift */,
			);
			path = Network;
			sourceTree = "<group>";
		};
		3E37B9A8283D97FD000A0FD9 /* Login */ = {
			isa = PBXGroup;
			children = (
				3E37B9B1283D9853000A0FD9 /* LoginViewController.swift */,
				3E37B9B0283D9853000A0FD9 /* LoginViewController.xib */,
			);
			path = Login;
			sourceTree = "<group>";
		};
		3E37B9A9283D9808000A0FD9 /* Register */ = {
			isa = PBXGroup;
			children = (
				3E37B9AC283D9845000A0FD9 /* RegisterViewController.swift */,
				3E37B9AD283D9845000A0FD9 /* RegisterViewController.xib */,
			);
			path = Register;
			sourceTree = "<group>";
		};
		3E37B9AA283D981F000A0FD9 /* Shoping */ = {
			isa = PBXGroup;
			children = (
				3E37B9B4283D9860000A0FD9 /* ShoppingCartVC.swift */,
				3E37B9B5283D9860000A0FD9 /* ShoppingCartVC.xib */,
				3E37B9AB283D982A000A0FD9 /* Cells */,
			);
			path = Shoping;
			sourceTree = "<group>";
		};
		3E37B9AB283D982A000A0FD9 /* Cells */ = {
			isa = PBXGroup;
			children = (
				3E37B9B8283D9869000A0FD9 /* OrdersTVC.swift */,
				3E37B9B9283D9869000A0FD9 /* OrdersTVC.xib */,
			);
			path = Cells;
			sourceTree = "<group>";
		};
		3E753459283ADF140072EF9A /* BrandSection */ = {
			isa = PBXGroup;
			children = (
				3E753463283AEEA90072EF9A /* BrandTableViewCell.swift */,
				3E753464283AEEA90072EF9A /* BrandTableViewCell.xib */,
				3EC598F6283B0E6400050CE5 /* BrandsCollectionViewCell.swift */,
				3EC598F7283B0E6400050CE5 /* BrandsCollectionViewCell.xib */,
			);
			path = BrandSection;
			sourceTree = "<group>";
		};
		3E75345A283ADF1A0072EF9A /* AbsSection */ = {
			isa = PBXGroup;
			children = (
				3E75345B283ADFF70072EF9A /* AbsTableViewCell.swift */,
				3E75345C283ADFF70072EF9A /* AbsTableViewCell.xib */,
				3E75345F283AEB530072EF9A /* AbsCollectionViewCell.swift */,
				3E753460283AEB530072EF9A /* AbsCollectionViewCell.xib */,
			);
			path = AbsSection;
			sourceTree = "<group>";
		};
		61026F7ACFCB691490BEEB33 /* Frameworks */ = {
			isa = PBXGroup;
			children = (
				0B8800C78D2DFF24EBFB4AB0 /* Pods_ShopifyApp.framework */,
				860C60966C760F2A8C2247D2 /* Pods_ShopifyApp_ShopifyAppUITests.framework */,
				16F7124AE54113161E6F75CE /* Pods_ShopifyAppTests.framework */,
			);
			name = Frameworks;
			sourceTree = "<group>";
		};
		80E7CB421AC93E07772BAF9A /* Pods */ = {
			isa = PBXGroup;
			children = (
				AB501590C743C258956D947D /* Pods-ShopifyApp.debug.xcconfig */,
				385236EEA1DBF452D0570BBD /* Pods-ShopifyApp.release.xcconfig */,
				271D48579709076FBBF73075 /* Pods-ShopifyApp-ShopifyAppUITests.debug.xcconfig */,
				603EFBC895F701C3D866D749 /* Pods-ShopifyApp-ShopifyAppUITests.release.xcconfig */,
				30F1A54E878749744C4B8CC8 /* Pods-ShopifyAppTests.debug.xcconfig */,
				0CA5FD8E3E782C42C669D6FE /* Pods-ShopifyAppTests.release.xcconfig */,
			);
			path = Pods;
			sourceTree = "<group>";
		};
		9C898C1528381BE600A86758 /* Home */ = {
			isa = PBXGroup;
			children = (
				9C898C1628381C0C00A86758 /* View */,
			);
			path = Home;
			sourceTree = "<group>";
		};
		9C898C1628381C0C00A86758 /* View */ = {
			isa = PBXGroup;
			children = (
				3E75345A283ADF1A0072EF9A /* AbsSection */,
				3E753459283ADF140072EF9A /* BrandSection */,
				9C898C1728381C3000A86758 /* HomeViewController.swift */,
				9C898C1828381C3000A86758 /* HomeViewController.xib */,
			);
			path = View;
			sourceTree = "<group>";
		};
		9C898C1B28381C6700A86758 /* Category */ = {
			isa = PBXGroup;
			children = (
				9C898C1C28381C7C00A86758 /* View */,
			);
			path = Category;
			sourceTree = "<group>";
		};
		9C898C1C28381C7C00A86758 /* View */ = {
			isa = PBXGroup;
			children = (
				162FEA44283D84F6007BD95B /* Category+ex.swift */,
				162FEA43283D84F6007BD95B /* CategoryCollectionViewCell.swift */,
				162FEA42283D84F6007BD95B /* CategoryCollectionViewCell.xib */,
				9C898C1D28381C9500A86758 /* CategoryViewController.swift */,
				9C898C1E28381C9500A86758 /* CategoryViewController.xib */,
			);
			path = View;
			sourceTree = "<group>";
		};
		9C898C2128381C9C00A86758 /* Me */ = {
			isa = PBXGroup;
			children = (
				9C898C2228381CA200A86758 /* View */,
			);
			path = Me;
			sourceTree = "<group>";
		};
		9C898C2228381CA200A86758 /* View */ = {
			isa = PBXGroup;
			children = (
				9C898C2328381CB500A86758 /* MeViewController.swift */,
				9C898C2428381CB500A86758 /* MeViewController.xib */,
			);
			path = View;
			sourceTree = "<group>";
		};
		9C898C2728381F8700A86758 /* Favorite */ = {
			isa = PBXGroup;
			children = (
				9CC2D41D283A965B00C9B59E /* View */,
			);
			path = Favorite;
			sourceTree = "<group>";
		};
		9CC2D41D283A965B00C9B59E /* View */ = {
			isa = PBXGroup;
			children = (
				9CC2D424283AA1A900C9B59E /* Cell */,
				9CCBF3DC283BF81F00825219 /* FavouriteViewController.swift */,
				9CCBF3DD283BF81F00825219 /* FavouriteViewController.xib */,
			);
			path = View;
			sourceTree = "<group>";
		};
		9CC2D424283AA1A900C9B59E /* Cell */ = {
			isa = PBXGroup;
			children = (
				9CC2D425283AA22F00C9B59E /* FavouriteCollectionViewCell.swift */,
				9CC2D426283AA22F00C9B59E /* FavouriteCollectionViewCell.xib */,
			);
			path = Cell;
			sourceTree = "<group>";
		};
		BE801FF6283D17BB0092F0DB /* Payment */ = {
			isa = PBXGroup;
			children = (
				BED44806283E582500EA74BC /* PaymentMethodViewController.swift */,
				BED44805283E582400EA74BC /* PaymentMethodViewController.xib */,
			);
			path = Payment;
			sourceTree = "<group>";
		};
		BED44800283E57CA00EA74BC /* Checkout */ = {
			isa = PBXGroup;
			children = (
				BED44802283E57EA00EA74BC /* CheckoutViewController.swift */,
				BED44801283E57EA00EA74BC /* CheckoutViewController.xib */,
			);
			path = Checkout;
			sourceTree = "<group>";
		};
/* End PBXGroup section */

/* Begin PBXNativeTarget section */
		1654EB662835EB2F000B78F1 /* ShopifyApp */ = {
			isa = PBXNativeTarget;
			buildConfigurationList = 1654EB942835EB31000B78F1 /* Build configuration list for PBXNativeTarget "ShopifyApp" */;
			buildPhases = (
				93BE2C5FA8F0F12014398F1D /* [CP] Check Pods Manifest.lock */,
				1654EB632835EB2F000B78F1 /* Sources */,
				1654EB642835EB2F000B78F1 /* Frameworks */,
				1654EB652835EB2F000B78F1 /* Resources */,
				4F5C3FFD3E717723E4F3B389 /* [CP] Embed Pods Frameworks */,
			);
			buildRules = (
			);
			dependencies = (
			);
			name = ShopifyApp;
			productName = ShopifyApp;
			productReference = 1654EB672835EB2F000B78F1 /* ShopifyApp.app */;
			productType = "com.apple.product-type.application";
		};
		1654EB7F2835EB31000B78F1 /* ShopifyAppTests */ = {
			isa = PBXNativeTarget;
			buildConfigurationList = 1654EB972835EB31000B78F1 /* Build configuration list for PBXNativeTarget "ShopifyAppTests" */;
			buildPhases = (
				4A8456832DAB3E0F32DD45FD /* [CP] Check Pods Manifest.lock */,
				1654EB7C2835EB31000B78F1 /* Sources */,
				1654EB7D2835EB31000B78F1 /* Frameworks */,
				1654EB7E2835EB31000B78F1 /* Resources */,
			);
			buildRules = (
			);
			dependencies = (
				1654EB822835EB31000B78F1 /* PBXTargetDependency */,
			);
			name = ShopifyAppTests;
			productName = ShopifyAppTests;
			productReference = 1654EB802835EB31000B78F1 /* ShopifyAppTests.xctest */;
			productType = "com.apple.product-type.bundle.unit-test";
		};
		1654EB892835EB31000B78F1 /* ShopifyAppUITests */ = {
			isa = PBXNativeTarget;
			buildConfigurationList = 1654EB9A2835EB31000B78F1 /* Build configuration list for PBXNativeTarget "ShopifyAppUITests" */;
			buildPhases = (
				C491ECCEDC48675131809934 /* [CP] Check Pods Manifest.lock */,
				1654EB862835EB31000B78F1 /* Sources */,
				1654EB872835EB31000B78F1 /* Frameworks */,
				1654EB882835EB31000B78F1 /* Resources */,
				E67CDD923CBEABFC79FBFD81 /* [CP] Embed Pods Frameworks */,
			);
			buildRules = (
			);
			dependencies = (
				1654EB8C2835EB31000B78F1 /* PBXTargetDependency */,
			);
			name = ShopifyAppUITests;
			productName = ShopifyAppUITests;
			productReference = 1654EB8A2835EB31000B78F1 /* ShopifyAppUITests.xctest */;
			productType = "com.apple.product-type.bundle.ui-testing";
		};
/* End PBXNativeTarget section */

/* Begin PBXProject section */
		1654EB5F2835EB2F000B78F1 /* Project object */ = {
			isa = PBXProject;
			attributes = {
				BuildIndependentTargetsInParallel = 1;
				LastSwiftUpdateCheck = 1320;
				LastUpgradeCheck = 1320;
				TargetAttributes = {
					1654EB662835EB2F000B78F1 = {
						CreatedOnToolsVersion = 13.2.1;
					};
					1654EB7F2835EB31000B78F1 = {
						CreatedOnToolsVersion = 13.2.1;
						TestTargetID = 1654EB662835EB2F000B78F1;
					};
					1654EB892835EB31000B78F1 = {
						CreatedOnToolsVersion = 13.2.1;
						TestTargetID = 1654EB662835EB2F000B78F1;
					};
				};
			};
			buildConfigurationList = 1654EB622835EB2F000B78F1 /* Build configuration list for PBXProject "ShopifyApp" */;
			compatibilityVersion = "Xcode 13.0";
			developmentRegion = en;
			hasScannedForEncodings = 0;
			knownRegions = (
				en,
				Base,
			);
			mainGroup = 1654EB5E2835EB2F000B78F1;
			productRefGroup = 1654EB682835EB2F000B78F1 /* Products */;
			projectDirPath = "";
			projectRoot = "";
			targets = (
				1654EB662835EB2F000B78F1 /* ShopifyApp */,
				1654EB7F2835EB31000B78F1 /* ShopifyAppTests */,
				1654EB892835EB31000B78F1 /* ShopifyAppUITests */,
			);
		};
/* End PBXProject section */

/* Begin PBXResourcesBuildPhase section */
		1654EB652835EB2F000B78F1 /* Resources */ = {
			isa = PBXResourcesBuildPhase;
			buildActionMask = 2147483647;
			files = (
				9C898C2628381CB500A86758 /* MeViewController.xib in Resources */,
				1654EB7A2835EB30000B78F1 /* LaunchScreen.storyboard in Resources */,
				9CCBF3DF283BF81F00825219 /* FavouriteViewController.xib in Resources */,
				3E37B9B7283D9860000A0FD9 /* ShoppingCartVC.xib in Resources */,
				9C898C1428381A6200A86758 /* TabBarViewController.xib in Resources */,
				9CC2D428283AA22F00C9B59E /* FavouriteCollectionViewCell.xib in Resources */,
				3E753462283AEB530072EF9A /* AbsCollectionViewCell.xib in Resources */,
				1654EB772835EB30000B78F1 /* Assets.xcassets in Resources */,
				16873CDB283D86A000694061 /* ProductDetailsViewController.xib in Resources */,
				3E37B9B2283D9853000A0FD9 /* LoginViewController.xib in Resources */,
				16873CD4283D868A00694061 /* SizeTableViewCell.xib in Resources */,
				BED44807283E582500EA74BC /* PaymentMethodViewController.xib in Resources */,
				9C898C2028381C9500A86758 /* CategoryViewController.xib in Resources */,
				3E75345E283ADFF70072EF9A /* AbsTableViewCell.xib in Resources */,
				BED44803283E57EA00EA74BC /* CheckoutViewController.xib in Resources */,
				16873CD7283D868A00694061 /* ProductImagesCollectionViewCell.xib in Resources */,
				9C898C1A28381C3000A86758 /* HomeViewController.xib in Resources */,
				3EC598F9283B0E6400050CE5 /* BrandsCollectionViewCell.xib in Resources */,
				3E37B9AF283D9845000A0FD9 /* RegisterViewController.xib in Resources */,
				3E37B9BB283D986A000A0FD9 /* OrdersTVC.xib in Resources */,
				3E753466283AEEA90072EF9A /* BrandTableViewCell.xib in Resources */,
			);
			runOnlyForDeploymentPostprocessing = 0;
		};
		1654EB7E2835EB31000B78F1 /* Resources */ = {
			isa = PBXResourcesBuildPhase;
			buildActionMask = 2147483647;
			files = (
			);
			runOnlyForDeploymentPostprocessing = 0;
		};
		1654EB882835EB31000B78F1 /* Resources */ = {
			isa = PBXResourcesBuildPhase;
			buildActionMask = 2147483647;
			files = (
			);
			runOnlyForDeploymentPostprocessing = 0;
		};
/* End PBXResourcesBuildPhase section */

/* Begin PBXShellScriptBuildPhase section */
		4A8456832DAB3E0F32DD45FD /* [CP] Check Pods Manifest.lock */ = {
			isa = PBXShellScriptBuildPhase;
			buildActionMask = 2147483647;
			files = (
			);
			inputFileListPaths = (
			);
			inputPaths = (
				"${PODS_PODFILE_DIR_PATH}/Podfile.lock",
				"${PODS_ROOT}/Manifest.lock",
			);
			name = "[CP] Check Pods Manifest.lock";
			outputFileListPaths = (
			);
			outputPaths = (
				"$(DERIVED_FILE_DIR)/Pods-ShopifyAppTests-checkManifestLockResult.txt",
			);
			runOnlyForDeploymentPostprocessing = 0;
			shellPath = /bin/sh;
			shellScript = "diff \"${PODS_PODFILE_DIR_PATH}/Podfile.lock\" \"${PODS_ROOT}/Manifest.lock\" > /dev/null\nif [ $? != 0 ] ; then\n    # print error to STDERR\n    echo \"error: The sandbox is not in sync with the Podfile.lock. Run 'pod install' or update your CocoaPods installation.\" >&2\n    exit 1\nfi\n# This output is used by Xcode 'outputs' to avoid re-running this script phase.\necho \"SUCCESS\" > \"${SCRIPT_OUTPUT_FILE_0}\"\n";
			showEnvVarsInLog = 0;
		};
		4F5C3FFD3E717723E4F3B389 /* [CP] Embed Pods Frameworks */ = {
			isa = PBXShellScriptBuildPhase;
			buildActionMask = 2147483647;
			files = (
			);
			inputFileListPaths = (
				"${PODS_ROOT}/Target Support Files/Pods-ShopifyApp/Pods-ShopifyApp-frameworks-${CONFIGURATION}-input-files.xcfilelist",
			);
			name = "[CP] Embed Pods Frameworks";
			outputFileListPaths = (
				"${PODS_ROOT}/Target Support Files/Pods-ShopifyApp/Pods-ShopifyApp-frameworks-${CONFIGURATION}-output-files.xcfilelist",
			);
			runOnlyForDeploymentPostprocessing = 0;
			shellPath = /bin/sh;
			shellScript = "\"${PODS_ROOT}/Target Support Files/Pods-ShopifyApp/Pods-ShopifyApp-frameworks.sh\"\n";
			showEnvVarsInLog = 0;
		};
		93BE2C5FA8F0F12014398F1D /* [CP] Check Pods Manifest.lock */ = {
			isa = PBXShellScriptBuildPhase;
			buildActionMask = 2147483647;
			files = (
			);
			inputFileListPaths = (
			);
			inputPaths = (
				"${PODS_PODFILE_DIR_PATH}/Podfile.lock",
				"${PODS_ROOT}/Manifest.lock",
			);
			name = "[CP] Check Pods Manifest.lock";
			outputFileListPaths = (
			);
			outputPaths = (
				"$(DERIVED_FILE_DIR)/Pods-ShopifyApp-checkManifestLockResult.txt",
			);
			runOnlyForDeploymentPostprocessing = 0;
			shellPath = /bin/sh;
			shellScript = "diff \"${PODS_PODFILE_DIR_PATH}/Podfile.lock\" \"${PODS_ROOT}/Manifest.lock\" > /dev/null\nif [ $? != 0 ] ; then\n    # print error to STDERR\n    echo \"error: The sandbox is not in sync with the Podfile.lock. Run 'pod install' or update your CocoaPods installation.\" >&2\n    exit 1\nfi\n# This output is used by Xcode 'outputs' to avoid re-running this script phase.\necho \"SUCCESS\" > \"${SCRIPT_OUTPUT_FILE_0}\"\n";
			showEnvVarsInLog = 0;
		};
		C491ECCEDC48675131809934 /* [CP] Check Pods Manifest.lock */ = {
			isa = PBXShellScriptBuildPhase;
			buildActionMask = 2147483647;
			files = (
			);
			inputFileListPaths = (
			);
			inputPaths = (
				"${PODS_PODFILE_DIR_PATH}/Podfile.lock",
				"${PODS_ROOT}/Manifest.lock",
			);
			name = "[CP] Check Pods Manifest.lock";
			outputFileListPaths = (
			);
			outputPaths = (
				"$(DERIVED_FILE_DIR)/Pods-ShopifyApp-ShopifyAppUITests-checkManifestLockResult.txt",
			);
			runOnlyForDeploymentPostprocessing = 0;
			shellPath = /bin/sh;
			shellScript = "diff \"${PODS_PODFILE_DIR_PATH}/Podfile.lock\" \"${PODS_ROOT}/Manifest.lock\" > /dev/null\nif [ $? != 0 ] ; then\n    # print error to STDERR\n    echo \"error: The sandbox is not in sync with the Podfile.lock. Run 'pod install' or update your CocoaPods installation.\" >&2\n    exit 1\nfi\n# This output is used by Xcode 'outputs' to avoid re-running this script phase.\necho \"SUCCESS\" > \"${SCRIPT_OUTPUT_FILE_0}\"\n";
			showEnvVarsInLog = 0;
		};
		E67CDD923CBEABFC79FBFD81 /* [CP] Embed Pods Frameworks */ = {
			isa = PBXShellScriptBuildPhase;
			buildActionMask = 2147483647;
			files = (
			);
			inputFileListPaths = (
				"${PODS_ROOT}/Target Support Files/Pods-ShopifyApp-ShopifyAppUITests/Pods-ShopifyApp-ShopifyAppUITests-frameworks-${CONFIGURATION}-input-files.xcfilelist",
			);
			name = "[CP] Embed Pods Frameworks";
			outputFileListPaths = (
				"${PODS_ROOT}/Target Support Files/Pods-ShopifyApp-ShopifyAppUITests/Pods-ShopifyApp-ShopifyAppUITests-frameworks-${CONFIGURATION}-output-files.xcfilelist",
			);
			runOnlyForDeploymentPostprocessing = 0;
			shellPath = /bin/sh;
			shellScript = "\"${PODS_ROOT}/Target Support Files/Pods-ShopifyApp-ShopifyAppUITests/Pods-ShopifyApp-ShopifyAppUITests-frameworks.sh\"\n";
			showEnvVarsInLog = 0;
		};
/* End PBXShellScriptBuildPhase section */

/* Begin PBXSourcesBuildPhase section */
		1654EB632835EB2F000B78F1 /* Sources */ = {
			isa = PBXSourcesBuildPhase;
			buildActionMask = 2147483647;
			files = (
				16873CDA283D86A000694061 /* ProductDetailsViewController.swift in Sources */,
				162FEA45283D84F6007BD95B /* CategoryCollectionViewCell.xib in Sources */,
				162FEA46283D84F6007BD95B /* CategoryCollectionViewCell.swift in Sources */,
				162FEA47283D84F6007BD95B /* Category+ex.swift in Sources */,
				9C898C2528381CB500A86758 /* MeViewController.swift in Sources */,
				3E37B9B6283D9860000A0FD9 /* ShoppingCartVC.swift in Sources */,
				1654EB6F2835EB2F000B78F1 /* ViewController.swift in Sources */,
				BED44808283E582500EA74BC /* PaymentMethodViewController.swift in Sources */,
				9CCBF3DE283BF81F00825219 /* FavouriteViewController.swift in Sources */,
				1654EB6B2835EB2F000B78F1 /* AppDelegate.swift in Sources */,
				1654EB752835EB2F000B78F1 /* ShopifyApp.xcdatamodeld in Sources */,
				3E753465283AEEA90072EF9A /* BrandTableViewCell.swift in Sources */,
				3E37B9BA283D986A000A0FD9 /* OrdersTVC.swift in Sources */,
				3E75345D283ADFF70072EF9A /* AbsTableViewCell.swift in Sources */,
				3E37B9B3283D9853000A0FD9 /* LoginViewController.swift in Sources */,
				3EC598F8283B0E6400050CE5 /* BrandsCollectionViewCell.swift in Sources */,
				BED44804283E57EA00EA74BC /* CheckoutViewController.swift in Sources */,
				1654EBA32836091F000B78F1 /* APIClient.swift in Sources */,
				3E37B9AE283D9845000A0FD9 /* RegisterViewController.swift in Sources */,
				3E753461283AEB530072EF9A /* AbsCollectionViewCell.swift in Sources */,
				16873CD5283D868A00694061 /* SizeTableViewCell.swift in Sources */,
				16873CD6283D868A00694061 /* ProductImagesCollectionViewCell.swift in Sources */,
				9C898C1F28381C9500A86758 /* CategoryViewController.swift in Sources */,
				9C898C1328381A6200A86758 /* TabBarViewController.swift in Sources */,
				9C898C1928381C3000A86758 /* HomeViewController.swift in Sources */,
				9CC2D427283AA22F00C9B59E /* FavouriteCollectionViewCell.swift in Sources */,
				1654EB6D2835EB2F000B78F1 /* SceneDelegate.swift in Sources */,
			);
			runOnlyForDeploymentPostprocessing = 0;
		};
		1654EB7C2835EB31000B78F1 /* Sources */ = {
			isa = PBXSourcesBuildPhase;
			buildActionMask = 2147483647;
			files = (
				1654EB852835EB31000B78F1 /* ShopifyAppTests.swift in Sources */,
			);
			runOnlyForDeploymentPostprocessing = 0;
		};
		1654EB862835EB31000B78F1 /* Sources */ = {
			isa = PBXSourcesBuildPhase;
			buildActionMask = 2147483647;
			files = (
				1654EB8F2835EB31000B78F1 /* ShopifyAppUITests.swift in Sources */,
				1654EB912835EB31000B78F1 /* ShopifyAppUITestsLaunchTests.swift in Sources */,
			);
			runOnlyForDeploymentPostprocessing = 0;
		};
/* End PBXSourcesBuildPhase section */

/* Begin PBXTargetDependency section */
		1654EB822835EB31000B78F1 /* PBXTargetDependency */ = {
			isa = PBXTargetDependency;
			target = 1654EB662835EB2F000B78F1 /* ShopifyApp */;
			targetProxy = 1654EB812835EB31000B78F1 /* PBXContainerItemProxy */;
		};
		1654EB8C2835EB31000B78F1 /* PBXTargetDependency */ = {
			isa = PBXTargetDependency;
			target = 1654EB662835EB2F000B78F1 /* ShopifyApp */;
			targetProxy = 1654EB8B2835EB31000B78F1 /* PBXContainerItemProxy */;
		};
/* End PBXTargetDependency section */

/* Begin PBXVariantGroup section */
		1654EB782835EB30000B78F1 /* LaunchScreen.storyboard */ = {
			isa = PBXVariantGroup;
			children = (
				1654EB792835EB30000B78F1 /* Base */,
			);
			name = LaunchScreen.storyboard;
			sourceTree = "<group>";
		};
/* End PBXVariantGroup section */

/* Begin XCBuildConfiguration section */
		1654EB922835EB31000B78F1 /* Debug */ = {
			isa = XCBuildConfiguration;
			buildSettings = {
				ALWAYS_SEARCH_USER_PATHS = NO;
				CLANG_ANALYZER_NONNULL = YES;
				CLANG_ANALYZER_NUMBER_OBJECT_CONVERSION = YES_AGGRESSIVE;
				CLANG_CXX_LANGUAGE_STANDARD = "gnu++17";
				CLANG_CXX_LIBRARY = "libc++";
				CLANG_ENABLE_MODULES = YES;
				CLANG_ENABLE_OBJC_ARC = YES;
				CLANG_ENABLE_OBJC_WEAK = YES;
				CLANG_WARN_BLOCK_CAPTURE_AUTORELEASING = YES;
				CLANG_WARN_BOOL_CONVERSION = YES;
				CLANG_WARN_COMMA = YES;
				CLANG_WARN_CONSTANT_CONVERSION = YES;
				CLANG_WARN_DEPRECATED_OBJC_IMPLEMENTATIONS = YES;
				CLANG_WARN_DIRECT_OBJC_ISA_USAGE = YES_ERROR;
				CLANG_WARN_DOCUMENTATION_COMMENTS = YES;
				CLANG_WARN_EMPTY_BODY = YES;
				CLANG_WARN_ENUM_CONVERSION = YES;
				CLANG_WARN_INFINITE_RECURSION = YES;
				CLANG_WARN_INT_CONVERSION = YES;
				CLANG_WARN_NON_LITERAL_NULL_CONVERSION = YES;
				CLANG_WARN_OBJC_IMPLICIT_RETAIN_SELF = YES;
				CLANG_WARN_OBJC_LITERAL_CONVERSION = YES;
				CLANG_WARN_OBJC_ROOT_CLASS = YES_ERROR;
				CLANG_WARN_QUOTED_INCLUDE_IN_FRAMEWORK_HEADER = YES;
				CLANG_WARN_RANGE_LOOP_ANALYSIS = YES;
				CLANG_WARN_STRICT_PROTOTYPES = YES;
				CLANG_WARN_SUSPICIOUS_MOVE = YES;
				CLANG_WARN_UNGUARDED_AVAILABILITY = YES_AGGRESSIVE;
				CLANG_WARN_UNREACHABLE_CODE = YES;
				CLANG_WARN__DUPLICATE_METHOD_MATCH = YES;
				COPY_PHASE_STRIP = NO;
				DEBUG_INFORMATION_FORMAT = dwarf;
				ENABLE_STRICT_OBJC_MSGSEND = YES;
				ENABLE_TESTABILITY = YES;
				GCC_C_LANGUAGE_STANDARD = gnu11;
				GCC_DYNAMIC_NO_PIC = NO;
				GCC_NO_COMMON_BLOCKS = YES;
				GCC_OPTIMIZATION_LEVEL = 0;
				GCC_PREPROCESSOR_DEFINITIONS = (
					"DEBUG=1",
					"$(inherited)",
				);
				GCC_WARN_64_TO_32_BIT_CONVERSION = YES;
				GCC_WARN_ABOUT_RETURN_TYPE = YES_ERROR;
				GCC_WARN_UNDECLARED_SELECTOR = YES;
				GCC_WARN_UNINITIALIZED_AUTOS = YES_AGGRESSIVE;
				GCC_WARN_UNUSED_FUNCTION = YES;
				GCC_WARN_UNUSED_VARIABLE = YES;
				IPHONEOS_DEPLOYMENT_TARGET = 15.2;
				MTL_ENABLE_DEBUG_INFO = INCLUDE_SOURCE;
				MTL_FAST_MATH = YES;
				ONLY_ACTIVE_ARCH = YES;
				SDKROOT = iphoneos;
				SWIFT_ACTIVE_COMPILATION_CONDITIONS = DEBUG;
				SWIFT_OPTIMIZATION_LEVEL = "-Onone";
			};
			name = Debug;
		};
		1654EB932835EB31000B78F1 /* Release */ = {
			isa = XCBuildConfiguration;
			buildSettings = {
				ALWAYS_SEARCH_USER_PATHS = NO;
				CLANG_ANALYZER_NONNULL = YES;
				CLANG_ANALYZER_NUMBER_OBJECT_CONVERSION = YES_AGGRESSIVE;
				CLANG_CXX_LANGUAGE_STANDARD = "gnu++17";
				CLANG_CXX_LIBRARY = "libc++";
				CLANG_ENABLE_MODULES = YES;
				CLANG_ENABLE_OBJC_ARC = YES;
				CLANG_ENABLE_OBJC_WEAK = YES;
				CLANG_WARN_BLOCK_CAPTURE_AUTORELEASING = YES;
				CLANG_WARN_BOOL_CONVERSION = YES;
				CLANG_WARN_COMMA = YES;
				CLANG_WARN_CONSTANT_CONVERSION = YES;
				CLANG_WARN_DEPRECATED_OBJC_IMPLEMENTATIONS = YES;
				CLANG_WARN_DIRECT_OBJC_ISA_USAGE = YES_ERROR;
				CLANG_WARN_DOCUMENTATION_COMMENTS = YES;
				CLANG_WARN_EMPTY_BODY = YES;
				CLANG_WARN_ENUM_CONVERSION = YES;
				CLANG_WARN_INFINITE_RECURSION = YES;
				CLANG_WARN_INT_CONVERSION = YES;
				CLANG_WARN_NON_LITERAL_NULL_CONVERSION = YES;
				CLANG_WARN_OBJC_IMPLICIT_RETAIN_SELF = YES;
				CLANG_WARN_OBJC_LITERAL_CONVERSION = YES;
				CLANG_WARN_OBJC_ROOT_CLASS = YES_ERROR;
				CLANG_WARN_QUOTED_INCLUDE_IN_FRAMEWORK_HEADER = YES;
				CLANG_WARN_RANGE_LOOP_ANALYSIS = YES;
				CLANG_WARN_STRICT_PROTOTYPES = YES;
				CLANG_WARN_SUSPICIOUS_MOVE = YES;
				CLANG_WARN_UNGUARDED_AVAILABILITY = YES_AGGRESSIVE;
				CLANG_WARN_UNREACHABLE_CODE = YES;
				CLANG_WARN__DUPLICATE_METHOD_MATCH = YES;
				COPY_PHASE_STRIP = NO;
				DEBUG_INFORMATION_FORMAT = "dwarf-with-dsym";
				ENABLE_NS_ASSERTIONS = NO;
				ENABLE_STRICT_OBJC_MSGSEND = YES;
				GCC_C_LANGUAGE_STANDARD = gnu11;
				GCC_NO_COMMON_BLOCKS = YES;
				GCC_WARN_64_TO_32_BIT_CONVERSION = YES;
				GCC_WARN_ABOUT_RETURN_TYPE = YES_ERROR;
				GCC_WARN_UNDECLARED_SELECTOR = YES;
				GCC_WARN_UNINITIALIZED_AUTOS = YES_AGGRESSIVE;
				GCC_WARN_UNUSED_FUNCTION = YES;
				GCC_WARN_UNUSED_VARIABLE = YES;
				IPHONEOS_DEPLOYMENT_TARGET = 15.2;
				MTL_ENABLE_DEBUG_INFO = NO;
				MTL_FAST_MATH = YES;
				SDKROOT = iphoneos;
				SWIFT_COMPILATION_MODE = wholemodule;
				SWIFT_OPTIMIZATION_LEVEL = "-O";
				VALIDATE_PRODUCT = YES;
			};
			name = Release;
		};
		1654EB952835EB31000B78F1 /* Debug */ = {
			isa = XCBuildConfiguration;
			baseConfigurationReference = AB501590C743C258956D947D /* Pods-ShopifyApp.debug.xcconfig */;
			buildSettings = {
				ASSETCATALOG_COMPILER_APPICON_NAME = AppIcon;
				ASSETCATALOG_COMPILER_GLOBAL_ACCENT_COLOR_NAME = AccentColor;
				CODE_SIGN_STYLE = Automatic;
				CURRENT_PROJECT_VERSION = 1;
				GENERATE_INFOPLIST_FILE = YES;
				INFOPLIST_FILE = ShopifyApp/Info.plist;
				INFOPLIST_KEY_UIApplicationSupportsIndirectInputEvents = YES;
				INFOPLIST_KEY_UILaunchStoryboardName = LaunchScreen;
				INFOPLIST_KEY_UISupportedInterfaceOrientations_iPad = "UIInterfaceOrientationPortrait UIInterfaceOrientationPortraitUpsideDown UIInterfaceOrientationLandscapeLeft UIInterfaceOrientationLandscapeRight";
				INFOPLIST_KEY_UISupportedInterfaceOrientations_iPhone = "UIInterfaceOrientationPortrait UIInterfaceOrientationLandscapeLeft UIInterfaceOrientationLandscapeRight";
				LD_RUNPATH_SEARCH_PATHS = (
					"$(inherited)",
					"@executable_path/Frameworks",
				);
				MARKETING_VERSION = 1.0;
				PRODUCT_BUNDLE_IDENTIFIER = Hack.ShopifyApp;
				PRODUCT_NAME = "$(TARGET_NAME)";
				SWIFT_EMIT_LOC_STRINGS = YES;
				SWIFT_VERSION = 5.0;
				TARGETED_DEVICE_FAMILY = "1,2";
			};
			name = Debug;
		};
		1654EB962835EB31000B78F1 /* Release */ = {
			isa = XCBuildConfiguration;
			baseConfigurationReference = 385236EEA1DBF452D0570BBD /* Pods-ShopifyApp.release.xcconfig */;
			buildSettings = {
				ASSETCATALOG_COMPILER_APPICON_NAME = AppIcon;
				ASSETCATALOG_COMPILER_GLOBAL_ACCENT_COLOR_NAME = AccentColor;
				CODE_SIGN_STYLE = Automatic;
				CURRENT_PROJECT_VERSION = 1;
				GENERATE_INFOPLIST_FILE = YES;
				INFOPLIST_FILE = ShopifyApp/Info.plist;
				INFOPLIST_KEY_UIApplicationSupportsIndirectInputEvents = YES;
				INFOPLIST_KEY_UILaunchStoryboardName = LaunchScreen;
				INFOPLIST_KEY_UISupportedInterfaceOrientations_iPad = "UIInterfaceOrientationPortrait UIInterfaceOrientationPortraitUpsideDown UIInterfaceOrientationLandscapeLeft UIInterfaceOrientationLandscapeRight";
				INFOPLIST_KEY_UISupportedInterfaceOrientations_iPhone = "UIInterfaceOrientationPortrait UIInterfaceOrientationLandscapeLeft UIInterfaceOrientationLandscapeRight";
				LD_RUNPATH_SEARCH_PATHS = (
					"$(inherited)",
					"@executable_path/Frameworks",
				);
				MARKETING_VERSION = 1.0;
				PRODUCT_BUNDLE_IDENTIFIER = Hack.ShopifyApp;
				PRODUCT_NAME = "$(TARGET_NAME)";
				SWIFT_EMIT_LOC_STRINGS = YES;
				SWIFT_VERSION = 5.0;
				TARGETED_DEVICE_FAMILY = "1,2";
			};
			name = Release;
		};
		1654EB982835EB31000B78F1 /* Debug */ = {
			isa = XCBuildConfiguration;
			baseConfigurationReference = 30F1A54E878749744C4B8CC8 /* Pods-ShopifyAppTests.debug.xcconfig */;
			buildSettings = {
				ALWAYS_EMBED_SWIFT_STANDARD_LIBRARIES = YES;
				BUNDLE_LOADER = "$(TEST_HOST)";
				CODE_SIGN_STYLE = Automatic;
				CURRENT_PROJECT_VERSION = 1;
				GENERATE_INFOPLIST_FILE = YES;
				IPHONEOS_DEPLOYMENT_TARGET = 15.2;
				MARKETING_VERSION = 1.0;
				PRODUCT_BUNDLE_IDENTIFIER = Hack.ShopifyAppTests;
				PRODUCT_NAME = "$(TARGET_NAME)";
				SWIFT_EMIT_LOC_STRINGS = NO;
				SWIFT_VERSION = 5.0;
				TARGETED_DEVICE_FAMILY = "1,2";
				TEST_HOST = "$(BUILT_PRODUCTS_DIR)/ShopifyApp.app/ShopifyApp";
			};
			name = Debug;
		};
		1654EB992835EB31000B78F1 /* Release */ = {
			isa = XCBuildConfiguration;
			baseConfigurationReference = 0CA5FD8E3E782C42C669D6FE /* Pods-ShopifyAppTests.release.xcconfig */;
			buildSettings = {
				ALWAYS_EMBED_SWIFT_STANDARD_LIBRARIES = YES;
				BUNDLE_LOADER = "$(TEST_HOST)";
				CODE_SIGN_STYLE = Automatic;
				CURRENT_PROJECT_VERSION = 1;
				GENERATE_INFOPLIST_FILE = YES;
				IPHONEOS_DEPLOYMENT_TARGET = 15.2;
				MARKETING_VERSION = 1.0;
				PRODUCT_BUNDLE_IDENTIFIER = Hack.ShopifyAppTests;
				PRODUCT_NAME = "$(TARGET_NAME)";
				SWIFT_EMIT_LOC_STRINGS = NO;
				SWIFT_VERSION = 5.0;
				TARGETED_DEVICE_FAMILY = "1,2";
				TEST_HOST = "$(BUILT_PRODUCTS_DIR)/ShopifyApp.app/ShopifyApp";
			};
			name = Release;
		};
		1654EB9B2835EB31000B78F1 /* Debug */ = {
			isa = XCBuildConfiguration;
			baseConfigurationReference = 271D48579709076FBBF73075 /* Pods-ShopifyApp-ShopifyAppUITests.debug.xcconfig */;
			buildSettings = {
				ALWAYS_EMBED_SWIFT_STANDARD_LIBRARIES = YES;
				CODE_SIGN_STYLE = Automatic;
				CURRENT_PROJECT_VERSION = 1;
				GENERATE_INFOPLIST_FILE = YES;
				MARKETING_VERSION = 1.0;
				PRODUCT_BUNDLE_IDENTIFIER = Hack.ShopifyAppUITests;
				PRODUCT_NAME = "$(TARGET_NAME)";
				SWIFT_EMIT_LOC_STRINGS = NO;
				SWIFT_VERSION = 5.0;
				TARGETED_DEVICE_FAMILY = "1,2";
				TEST_TARGET_NAME = ShopifyApp;
			};
			name = Debug;
		};
		1654EB9C2835EB31000B78F1 /* Release */ = {
			isa = XCBuildConfiguration;
			baseConfigurationReference = 603EFBC895F701C3D866D749 /* Pods-ShopifyApp-ShopifyAppUITests.release.xcconfig */;
			buildSettings = {
				ALWAYS_EMBED_SWIFT_STANDARD_LIBRARIES = YES;
				CODE_SIGN_STYLE = Automatic;
				CURRENT_PROJECT_VERSION = 1;
				GENERATE_INFOPLIST_FILE = YES;
				MARKETING_VERSION = 1.0;
				PRODUCT_BUNDLE_IDENTIFIER = Hack.ShopifyAppUITests;
				PRODUCT_NAME = "$(TARGET_NAME)";
				SWIFT_EMIT_LOC_STRINGS = NO;
				SWIFT_VERSION = 5.0;
				TARGETED_DEVICE_FAMILY = "1,2";
				TEST_TARGET_NAME = ShopifyApp;
			};
			name = Release;
		};
/* End XCBuildConfiguration section */

/* Begin XCConfigurationList section */
		1654EB622835EB2F000B78F1 /* Build configuration list for PBXProject "ShopifyApp" */ = {
			isa = XCConfigurationList;
			buildConfigurations = (
				1654EB922835EB31000B78F1 /* Debug */,
				1654EB932835EB31000B78F1 /* Release */,
			);
			defaultConfigurationIsVisible = 0;
			defaultConfigurationName = Release;
		};
		1654EB942835EB31000B78F1 /* Build configuration list for PBXNativeTarget "ShopifyApp" */ = {
			isa = XCConfigurationList;
			buildConfigurations = (
				1654EB952835EB31000B78F1 /* Debug */,
				1654EB962835EB31000B78F1 /* Release */,
			);
			defaultConfigurationIsVisible = 0;
			defaultConfigurationName = Release;
		};
		1654EB972835EB31000B78F1 /* Build configuration list for PBXNativeTarget "ShopifyAppTests" */ = {
			isa = XCConfigurationList;
			buildConfigurations = (
				1654EB982835EB31000B78F1 /* Debug */,
				1654EB992835EB31000B78F1 /* Release */,
			);
			defaultConfigurationIsVisible = 0;
			defaultConfigurationName = Release;
		};
		1654EB9A2835EB31000B78F1 /* Build configuration list for PBXNativeTarget "ShopifyAppUITests" */ = {
			isa = XCConfigurationList;
			buildConfigurations = (
				1654EB9B2835EB31000B78F1 /* Debug */,
				1654EB9C2835EB31000B78F1 /* Release */,
			);
			defaultConfigurationIsVisible = 0;
			defaultConfigurationName = Release;
		};
/* End XCConfigurationList section */

/* Begin XCVersionGroup section */
		1654EB732835EB2F000B78F1 /* ShopifyApp.xcdatamodeld */ = {
			isa = XCVersionGroup;
			children = (
				1654EB742835EB2F000B78F1 /* ShopifyApp.xcdatamodel */,
			);
			currentVersion = 1654EB742835EB2F000B78F1 /* ShopifyApp.xcdatamodel */;
			path = ShopifyApp.xcdatamodeld;
			sourceTree = "<group>";
			versionGroupType = wrapper.xcdatamodel;
		};
/* End XCVersionGroup section */
	};
	rootObject = 1654EB5F2835EB2F000B78F1 /* Project object */;
}
